
Microsoft Visual Studio Solution File, Format Version 12.00
# Visual Studio Version 16
VisualStudioVersion = 16.0.30804.86
MinimumVisualStudioVersion = 10.0.40219.1
Project("{FAE04EC0-301F-11D3-BF4B-00C04F79EFBC}") = "User_defined_class", "User_defined_class\User_defined_class.csproj", "{61DB35A1-5FD5-47F8-A18D-7E4C01547C0B}"
EndProject
Global
	GlobalSection(SolutionConfigurationPlatforms) = preSolution
		Debug|Any CPU = Debug|Any CPU
		Release|Any CPU = Release|Any CPU
	EndGlobalSection
	GlobalSection(ProjectConfigurationPlatforms) = postSolution
		{61DB35A1-5FD5-47F8-A18D-7E4C01547C0B}.Debug|Any CPU.ActiveCfg = Debug|Any CPU
		{61DB35A1-5FD5-47F8-A18D-7E4C01547C0B}.Debug|Any CPU.Build.0 = Debug|Any CPU
		{61DB35A1-5FD5-47F8-A18D-7E4C01547C0B}.Release|Any CPU.ActiveCfg = Release|Any CPU
		{61DB35A1-5FD5-47F8-A18D-7E4C01547C0B}.Release|Any CPU.Build.0 = Release|Any CPU
	EndGlobalSection
	GlobalSection(SolutionProperties) = preSolution
		HideSolutionNode = FALSE
	EndGlobalSection
	GlobalSection(ExtensibilityGlobals) = postSolution
		SolutionGuid = {2437B54D-ED74-44C8-A125-0134CDF47277}
	EndGlobalSection
EndGlobal
